
Microsoft Visual Studio Solution File, Format Version 12.00
# Visual Studio Version 17
VisualStudioVersion = 17.5.33209.295
MinimumVisualStudioVersion = 10.0.40219.1
Project("{9A19103F-16F7-4668-BE54-9A1E7A4F7556}") = "ufo-game-lib", "ufo-game-lib.csproj", "{DBE86D3E-052F-4330-B753-870CC8E35DAE}"
EndProject
Project("{9A19103F-16F7-4668-BE54-9A1E7A4F7556}") = "ufo-game-lib-tests", "..\ufo-game-lib-tests\ufo-game-lib-tests.csproj", "{2CF18EC7-3ACA-48C0-A7D9-FC565E114484}"
EndProject
Project("{9A19103F-16F7-4668-BE54-9A1E7A4F7556}") = "ufo-game", "..\ufo-game\ufo-game.csproj", "{6D9C98EC-9CDA-4FA0-99D8-111F2165431D}"
EndProject
Project("{9A19103F-16F7-4668-BE54-9A1E7A4F7556}") = "lib", "..\lib\lib.csproj", "{7858F2F4-4B5D-44FA-9217-F2E53183DC58}"
EndProject
Project("{9A19103F-16F7-4668-BE54-9A1E7A4F7556}") = "lib-tests", "..\lib-tests\lib-tests.csproj", "{0DD4A0DF-CBFF-4790-87B1-D5640DD2A140}"
EndProject
Project("{FAE04EC0-301F-11D3-BF4B-00C04F79EFBC}") = "ufo-game-cli", "..\ufo-game-cli\ufo-game-cli.csproj", "{A5600F21-8CDA-4AA4-AE7D-972849AD6F64}"
EndProject
Global
	GlobalSection(SolutionConfigurationPlatforms) = preSolution
		Debug|Any CPU = Debug|Any CPU
		Release|Any CPU = Release|Any CPU
	EndGlobalSection
	GlobalSection(ProjectConfigurationPlatforms) = postSolution
		{DBE86D3E-052F-4330-B753-870CC8E35DAE}.Debug|Any CPU.ActiveCfg = Debug|Any CPU
		{DBE86D3E-052F-4330-B753-870CC8E35DAE}.Debug|Any CPU.Build.0 = Debug|Any CPU
		{DBE86D3E-052F-4330-B753-870CC8E35DAE}.Release|Any CPU.ActiveCfg = Release|Any CPU
		{DBE86D3E-052F-4330-B753-870CC8E35DAE}.Release|Any CPU.Build.0 = Release|Any CPU
		{2CF18EC7-3ACA-48C0-A7D9-FC565E114484}.Debug|Any CPU.ActiveCfg = Debug|Any CPU
		{2CF18EC7-3ACA-48C0-A7D9-FC565E114484}.Debug|Any CPU.Build.0 = Debug|Any CPU
		{2CF18EC7-3ACA-48C0-A7D9-FC565E114484}.Release|Any CPU.ActiveCfg = Release|Any CPU
		{2CF18EC7-3ACA-48C0-A7D9-FC565E114484}.Release|Any CPU.Build.0 = Release|Any CPU
		{6D9C98EC-9CDA-4FA0-99D8-111F2165431D}.Debug|Any CPU.ActiveCfg = Debug|Any CPU
		{6D9C98EC-9CDA-4FA0-99D8-111F2165431D}.Debug|Any CPU.Build.0 = Debug|Any CPU
		{6D9C98EC-9CDA-4FA0-99D8-111F2165431D}.Release|Any CPU.ActiveCfg = Release|Any CPU
		{6D9C98EC-9CDA-4FA0-99D8-111F2165431D}.Release|Any CPU.Build.0 = Release|Any CPU
		{7858F2F4-4B5D-44FA-9217-F2E53183DC58}.Debug|Any CPU.ActiveCfg = Debug|Any CPU
		{7858F2F4-4B5D-44FA-9217-F2E53183DC58}.Debug|Any CPU.Build.0 = Debug|Any CPU
		{7858F2F4-4B5D-44FA-9217-F2E53183DC58}.Release|Any CPU.ActiveCfg = Release|Any CPU
		{7858F2F4-4B5D-44FA-9217-F2E53183DC58}.Release|Any CPU.Build.0 = Release|Any CPU
		{0DD4A0DF-CBFF-4790-87B1-D5640DD2A140}.Debug|Any CPU.ActiveCfg = Debug|Any CPU
		{0DD4A0DF-CBFF-4790-87B1-D5640DD2A140}.Debug|Any CPU.Build.0 = Debug|Any CPU
		{0DD4A0DF-CBFF-4790-87B1-D5640DD2A140}.Release|Any CPU.ActiveCfg = Release|Any CPU
		{0DD4A0DF-CBFF-4790-87B1-D5640DD2A140}.Release|Any CPU.Build.0 = Release|Any CPU
		{A5600F21-8CDA-4AA4-AE7D-972849AD6F64}.Debug|Any CPU.ActiveCfg = Debug|Any CPU
		{A5600F21-8CDA-4AA4-AE7D-972849AD6F64}.Debug|Any CPU.Build.0 = Debug|Any CPU
		{A5600F21-8CDA-4AA4-AE7D-972849AD6F64}.Release|Any CPU.ActiveCfg = Release|Any CPU
		{A5600F21-8CDA-4AA4-AE7D-972849AD6F64}.Release|Any CPU.Build.0 = Release|Any CPU
	EndGlobalSection
	GlobalSection(SolutionProperties) = preSolution
		HideSolutionNode = FALSE
	EndGlobalSection
	GlobalSection(ExtensibilityGlobals) = postSolution
		SolutionGuid = {7D108A5A-2892-4B8A-BD51-91B283509516}
	EndGlobalSection
EndGlobal
