
Microsoft Visual Studio Solution File, Format Version 12.00
# Visual Studio Version 17
VisualStudioVersion = 17.5.33209.295
MinimumVisualStudioVersion = 10.0.40219.1
Project("{9A19103F-16F7-4668-BE54-9A1E7A4F7556}") = "lib", "lib\lib.csproj", "{2D5E3BF1-D7A4-48EE-A681-C52FD880A555}"
EndProject
Project("{9A19103F-16F7-4668-BE54-9A1E7A4F7556}") = "lib-tests", "lib-tests\lib-tests.csproj", "{D9813655-ED27-4381-8DA4-D08F81F0DF41}"
EndProject
Global
	GlobalSection(SolutionConfigurationPlatforms) = preSolution
		Debug|Any CPU = Debug|Any CPU
		Release|Any CPU = Release|Any CPU
	EndGlobalSection
	GlobalSection(ProjectConfigurationPlatforms) = postSolution
		{2D5E3BF1-D7A4-48EE-A681-C52FD880A555}.Debug|Any CPU.ActiveCfg = Debug|Any CPU
		{2D5E3BF1-D7A4-48EE-A681-C52FD880A555}.Debug|Any CPU.Build.0 = Debug|Any CPU
		{2D5E3BF1-D7A4-48EE-A681-C52FD880A555}.Release|Any CPU.ActiveCfg = Release|Any CPU
		{2D5E3BF1-D7A4-48EE-A681-C52FD880A555}.Release|Any CPU.Build.0 = Release|Any CPU
		{D9813655-ED27-4381-8DA4-D08F81F0DF41}.Debug|Any CPU.ActiveCfg = Debug|Any CPU
		{D9813655-ED27-4381-8DA4-D08F81F0DF41}.Debug|Any CPU.Build.0 = Debug|Any CPU
		{D9813655-ED27-4381-8DA4-D08F81F0DF41}.Release|Any CPU.ActiveCfg = Release|Any CPU
		{D9813655-ED27-4381-8DA4-D08F81F0DF41}.Release|Any CPU.Build.0 = Release|Any CPU
	EndGlobalSection
	GlobalSection(SolutionProperties) = preSolution
		HideSolutionNode = FALSE
	EndGlobalSection
	GlobalSection(ExtensibilityGlobals) = postSolution
		SolutionGuid = {71028B0E-1F5A-4B6A-87FB-A34D0F5E6982}
	EndGlobalSection
EndGlobal
