
Microsoft Visual Studio Solution File, Format Version 12.00
# Visual Studio Version 17
VisualStudioVersion = 17.5.33209.295
MinimumVisualStudioVersion = 10.0.40219.1
Project("{9A19103F-16F7-4668-BE54-9A1E7A4F7556}") = "lib", "lib\lib.csproj", "{2D5E3BF1-D7A4-48EE-A681-C52FD880A555}"
EndProject
Project("{9A19103F-16F7-4668-BE54-9A1E7A4F7556}") = "lib-tests", "lib-tests\lib-tests.csproj", "{D9813655-ED27-4381-8DA4-D08F81F0DF41}"
EndProject
Project("{9A19103F-16F7-4668-BE54-9A1E7A4F7556}") = "game-lib", "game-lib\game-lib.csproj", "{79AD2242-BD80-47E2-B457-F48AEEEE7793}"
EndProject
Project("{9A19103F-16F7-4668-BE54-9A1E7A4F7556}") = "game-lib-tests", "game-lib-tests\game-lib-tests.csproj", "{6512BE67-89F6-43B8-87B2-654A0EADCF81}"
EndProject
Project("{9A19103F-16F7-4668-BE54-9A1E7A4F7556}") = "game-cli", "game-cli\game-cli.csproj", "{7B4AA024-B966-4818-AC36-1FB3070B7A18}"
EndProject
Project("{9A19103F-16F7-4668-BE54-9A1E7A4F7556}") = "ufo-game", "ufo-game\ufo-game.csproj", "{F00E6228-2499-44A2-8D33-54C4E852AE7F}"
EndProject
Project("{2150E333-8FDC-42A3-9474-1A3956D46DE8}") = "Solution Items", "Solution Items", "{73FCE8EC-5357-44BB-8A00-869910C50B76}"
	ProjectSection(SolutionItems) = preProject
		.editorconfig = .editorconfig
		..\.gitignore = ..\.gitignore
		..\Directory.Build.props = ..\Directory.Build.props
	EndProjectSection
EndProject
Project("{FAE04EC0-301F-11D3-BF4B-00C04F79EFBC}") = "json-experimental-tests", "json-experimental-tests\json-experimental-tests.csproj", "{6B194955-6A9B-4D49-B923-3F68BEE43B08}"
EndProject
Global
	GlobalSection(SolutionConfigurationPlatforms) = preSolution
		Debug|Any CPU = Debug|Any CPU
		Release|Any CPU = Release|Any CPU
	EndGlobalSection
	GlobalSection(ProjectConfigurationPlatforms) = postSolution
		{2D5E3BF1-D7A4-48EE-A681-C52FD880A555}.Debug|Any CPU.ActiveCfg = Debug|Any CPU
		{2D5E3BF1-D7A4-48EE-A681-C52FD880A555}.Debug|Any CPU.Build.0 = Debug|Any CPU
		{2D5E3BF1-D7A4-48EE-A681-C52FD880A555}.Release|Any CPU.ActiveCfg = Release|Any CPU
		{2D5E3BF1-D7A4-48EE-A681-C52FD880A555}.Release|Any CPU.Build.0 = Release|Any CPU
		{D9813655-ED27-4381-8DA4-D08F81F0DF41}.Debug|Any CPU.ActiveCfg = Debug|Any CPU
		{D9813655-ED27-4381-8DA4-D08F81F0DF41}.Debug|Any CPU.Build.0 = Debug|Any CPU
		{D9813655-ED27-4381-8DA4-D08F81F0DF41}.Release|Any CPU.ActiveCfg = Release|Any CPU
		{D9813655-ED27-4381-8DA4-D08F81F0DF41}.Release|Any CPU.Build.0 = Release|Any CPU
		{79AD2242-BD80-47E2-B457-F48AEEEE7793}.Debug|Any CPU.ActiveCfg = Debug|Any CPU
		{79AD2242-BD80-47E2-B457-F48AEEEE7793}.Debug|Any CPU.Build.0 = Debug|Any CPU
		{79AD2242-BD80-47E2-B457-F48AEEEE7793}.Release|Any CPU.ActiveCfg = Release|Any CPU
		{79AD2242-BD80-47E2-B457-F48AEEEE7793}.Release|Any CPU.Build.0 = Release|Any CPU
		{6512BE67-89F6-43B8-87B2-654A0EADCF81}.Debug|Any CPU.ActiveCfg = Debug|Any CPU
		{6512BE67-89F6-43B8-87B2-654A0EADCF81}.Debug|Any CPU.Build.0 = Debug|Any CPU
		{6512BE67-89F6-43B8-87B2-654A0EADCF81}.Release|Any CPU.ActiveCfg = Release|Any CPU
		{6512BE67-89F6-43B8-87B2-654A0EADCF81}.Release|Any CPU.Build.0 = Release|Any CPU
		{7B4AA024-B966-4818-AC36-1FB3070B7A18}.Debug|Any CPU.ActiveCfg = Debug|Any CPU
		{7B4AA024-B966-4818-AC36-1FB3070B7A18}.Debug|Any CPU.Build.0 = Debug|Any CPU
		{7B4AA024-B966-4818-AC36-1FB3070B7A18}.Release|Any CPU.ActiveCfg = Release|Any CPU
		{7B4AA024-B966-4818-AC36-1FB3070B7A18}.Release|Any CPU.Build.0 = Release|Any CPU
		{F00E6228-2499-44A2-8D33-54C4E852AE7F}.Debug|Any CPU.ActiveCfg = Debug|Any CPU
		{F00E6228-2499-44A2-8D33-54C4E852AE7F}.Debug|Any CPU.Build.0 = Debug|Any CPU
		{F00E6228-2499-44A2-8D33-54C4E852AE7F}.Release|Any CPU.ActiveCfg = Release|Any CPU
		{F00E6228-2499-44A2-8D33-54C4E852AE7F}.Release|Any CPU.Build.0 = Release|Any CPU
		{6B194955-6A9B-4D49-B923-3F68BEE43B08}.Debug|Any CPU.ActiveCfg = Debug|Any CPU
		{6B194955-6A9B-4D49-B923-3F68BEE43B08}.Debug|Any CPU.Build.0 = Debug|Any CPU
		{6B194955-6A9B-4D49-B923-3F68BEE43B08}.Release|Any CPU.ActiveCfg = Release|Any CPU
		{6B194955-6A9B-4D49-B923-3F68BEE43B08}.Release|Any CPU.Build.0 = Release|Any CPU
	EndGlobalSection
	GlobalSection(SolutionProperties) = preSolution
		HideSolutionNode = FALSE
	EndGlobalSection
	GlobalSection(ExtensibilityGlobals) = postSolution
		SolutionGuid = {71028B0E-1F5A-4B6A-87FB-A34D0F5E6982}
	EndGlobalSection
EndGlobal
